
Microsoft Visual Studio Solution File, Format Version 12.00
# Visual Studio Version 17
VisualStudioVersion = 17.5.002.0
MinimumVisualStudioVersion = 10.0.40219.1
Project("{9A19103F-16F7-4668-BE54-9A1E7A4F7556}") = "mymvc", "mymvc.csproj", "{1C88A551-D3EE-40C4-8205-F11B13416475}"
EndProject
Global
	GlobalSection(SolutionConfigurationPlatforms) = preSolution
		Debug|Any CPU = Debug|Any CPU
		Release|Any CPU = Release|Any CPU
	EndGlobalSection
	GlobalSection(ProjectConfigurationPlatforms) = postSolution
		{1C88A551-D3EE-40C4-8205-F11B13416475}.Debug|Any CPU.ActiveCfg = Debug|Any CPU
		{1C88A551-D3EE-40C4-8205-F11B13416475}.Debug|Any CPU.Build.0 = Debug|Any CPU
		{1C88A551-D3EE-40C4-8205-F11B13416475}.Release|Any CPU.ActiveCfg = Release|Any CPU
		{1C88A551-D3EE-40C4-8205-F11B13416475}.Release|Any CPU.Build.0 = Release|Any CPU
	EndGlobalSection
	GlobalSection(SolutionProperties) = preSolution
		HideSolutionNode = FALSE
	EndGlobalSection
	GlobalSection(ExtensibilityGlobals) = postSolution
		SolutionGuid = {A0258F97-0E79-4E23-868C-B61466CDB682}
	EndGlobalSection
EndGlobal
