
Microsoft Visual Studio Solution File, Format Version 12.00
# Visual Studio Version 17
VisualStudioVersion = 17.5.002.0
MinimumVisualStudioVersion = 10.0.40219.1
Project("{9A19103F-16F7-4668-BE54-9A1E7A4F7556}") = "firstapi", "firstapi.csproj", "{D47705EB-6F04-4720-B78F-7D0B9F9BC5FB}"
EndProject
Global
	GlobalSection(SolutionConfigurationPlatforms) = preSolution
		Debug|Any CPU = Debug|Any CPU
		Release|Any CPU = Release|Any CPU
	EndGlobalSection
	GlobalSection(ProjectConfigurationPlatforms) = postSolution
		{D47705EB-6F04-4720-B78F-7D0B9F9BC5FB}.Debug|Any CPU.ActiveCfg = Debug|Any CPU
		{D47705EB-6F04-4720-B78F-7D0B9F9BC5FB}.Debug|Any CPU.Build.0 = Debug|Any CPU
		{D47705EB-6F04-4720-B78F-7D0B9F9BC5FB}.Release|Any CPU.ActiveCfg = Release|Any CPU
		{D47705EB-6F04-4720-B78F-7D0B9F9BC5FB}.Release|Any CPU.Build.0 = Release|Any CPU
	EndGlobalSection
	GlobalSection(SolutionProperties) = preSolution
		HideSolutionNode = FALSE
	EndGlobalSection
	GlobalSection(ExtensibilityGlobals) = postSolution
		SolutionGuid = {59D9933E-0ED9-4AAB-99AB-2A32755D9768}
	EndGlobalSection
EndGlobal
